{
  "requires": true,
  "lockfileVersion": 1,
  "dependencies": {
    "@twa-dev/sdk": {
      "version": "7.0.0",
      "resolved": "https://registry.npmmirror.com/@twa-dev/sdk/-/sdk-7.0.0.tgz",
      "integrity": "sha512-OZvqGGrdrgE0xU/IGjvsGKKouia5bTu6rA/BOOU6pJYLu776nQJs/HNFl7lwW16RONf1vvPqeV8XximsuzZ9Iw==",
      "requires": {
        "@twa-dev/types": "^7.0.0"
      }
    },
    "@twa-dev/types": {
      "version": "7.0.0",
      "resolved": "https://registry.npmmirror.com/@twa-dev/types/-/types-7.0.0.tgz",
      "integrity": "sha512-LBnMklxORuXd/ypv9gFKcQVNJkCktkeuU+2V6B5Ww7dcxDCoYBAKkNnIwEQ3cShq+cxTi96jC/CqWhgDMQ7AXQ=="
    }
  }
}
